
Microsoft Visual Studio Solution File, Format Version 12.00
# Visual Studio Version 17
VisualStudioVersion = 17.11.35327.3
MinimumVisualStudioVersion = 10.0.40219.1
Project("{2150E333-8FDC-42A3-9474-1A3956D46DE8}") = "Services", "Services", "{7C99B049-E405-44A3-AA4E-3A399111F8BA}"
EndProject
Project("{2150E333-8FDC-42A3-9474-1A3956D46DE8}") = "Catalog", "Catalog", "{F91941E4-542A-44A7-B75A-A3C2F7A3A4C0}"
EndProject
Project("{9A19103F-16F7-4668-BE54-9A1E7A4F7556}") = "Catalog.API", "src\Services\Catalog\Catalog.API\Catalog.API.csproj", "{326160AA-50D4-42A1-A22A-1770E8985305}"
EndProject
Project("{2150E333-8FDC-42A3-9474-1A3956D46DE8}") = "BuildingBlocks", "BuildingBlocks", "{BECFA58A-CE54-4322-9297-D2AD70F18BBB}"
EndProject
Project("{9A19103F-16F7-4668-BE54-9A1E7A4F7556}") = "BuildingBlocks", "src\BuildingBlocks\BuildingBlocks\BuildingBlocks.csproj", "{5BE73B50-A2F5-4822-8067-82FD59C8A361}"
EndProject
Project("{E53339B2-1760-4266-BCC7-CA923CBCF16C}") = "docker-compose", "docker-compose.dcproj", "{E57A2CE2-E290-4FB0-9ED8-5F8C95C05906}"
EndProject
Project("{2150E333-8FDC-42A3-9474-1A3956D46DE8}") = "Basket", "Basket", "{1CE2CEE8-9DE1-4F75-9290-5E4A164BA8D8}"
EndProject
Project("{9A19103F-16F7-4668-BE54-9A1E7A4F7556}") = "Basket.API", "src\Services\Basket\Basket.API\Basket.API.csproj", "{99D7EDE8-A170-4F77-A6B1-52ADA712CCC3}"
EndProject
Project("{2150E333-8FDC-42A3-9474-1A3956D46DE8}") = "Discount", "Discount", "{7ACF1AF9-B3ED-4F89-B05A-9FD29591967D}"
EndProject
Project("{9A19103F-16F7-4668-BE54-9A1E7A4F7556}") = "Discount.Grpc", "src\Services\Discount\Discount.Grpc\Discount.Grpc.csproj", "{0AC1D666-14D9-4861-837D-315942ACD78E}"
EndProject
Project("{2150E333-8FDC-42A3-9474-1A3956D46DE8}") = "Ordering", "Ordering", "{6F35700B-E4EE-444B-8E0C-D3A438BA8017}"
EndProject
Project("{9A19103F-16F7-4668-BE54-9A1E7A4F7556}") = "Ordering.API", "src\Services\Ordering\Ordering.API\Ordering.API.csproj", "{62BE57C1-78FD-466F-AFE0-C4C3CAAB363D}"
EndProject
Project("{9A19103F-16F7-4668-BE54-9A1E7A4F7556}") = "Ordering.Application", "src\Services\Ordering\Ordering.Application\Ordering.Application.csproj", "{A50F5917-E56B-40C5-BDBD-327CAB3F1487}"
EndProject
Project("{9A19103F-16F7-4668-BE54-9A1E7A4F7556}") = "Ordering.Infrastructure", "src\Services\Ordering\Ordering.Infrastructure\Ordering.Infrastructure.csproj", "{000CB11E-2601-4FB6-95A7-D1E79BDC0057}"
EndProject
Project("{9A19103F-16F7-4668-BE54-9A1E7A4F7556}") = "Ordering.Domain", "src\Services\Ordering\Ordering.Domain\Ordering.Domain.csproj", "{DD0F93B8-02B1-4ADB-9587-73A497C509ED}"
EndProject
Project("{9A19103F-16F7-4668-BE54-9A1E7A4F7556}") = "BuildingBlocks.Messaging", "src\BuildingBlocks\BuildingBlocks.Messaging\BuildingBlocks.Messaging.csproj", "{263DB685-3132-4A79-A7C4-281CF129DEDC}"
EndProject
Project("{2150E333-8FDC-42A3-9474-1A3956D46DE8}") = "ApiGateways", "ApiGateways", "{1EC61E49-6DD7-44DD-BBCC-F5C92D69005C}"
EndProject
Project("{9A19103F-16F7-4668-BE54-9A1E7A4F7556}") = "YarpApiGateway", "src\ApiGateways\YarpApiGateway\YarpApiGateway.csproj", "{CA55011B-1D2E-4F59-A6A4-E264D193A709}"
EndProject
Project("{2150E333-8FDC-42A3-9474-1A3956D46DE8}") = "WebApps", "WebApps", "{6F136B7A-CA0E-415D-9391-23F010E835FB}"
EndProject
Project("{9A19103F-16F7-4668-BE54-9A1E7A4F7556}") = "Shopping.Web", "src\WebApps\Shopping.Web\Shopping.Web.csproj", "{208D51DA-197A-410D-80A8-2191FB91F9CE}"
EndProject
Global
	GlobalSection(SolutionConfigurationPlatforms) = preSolution
		Debug|Any CPU = Debug|Any CPU
		Release|Any CPU = Release|Any CPU
	EndGlobalSection
	GlobalSection(ProjectConfigurationPlatforms) = postSolution
		{326160AA-50D4-42A1-A22A-1770E8985305}.Debug|Any CPU.ActiveCfg = Debug|Any CPU
		{326160AA-50D4-42A1-A22A-1770E8985305}.Debug|Any CPU.Build.0 = Debug|Any CPU
		{326160AA-50D4-42A1-A22A-1770E8985305}.Release|Any CPU.ActiveCfg = Release|Any CPU
		{326160AA-50D4-42A1-A22A-1770E8985305}.Release|Any CPU.Build.0 = Release|Any CPU
		{5BE73B50-A2F5-4822-8067-82FD59C8A361}.Debug|Any CPU.ActiveCfg = Debug|Any CPU
		{5BE73B50-A2F5-4822-8067-82FD59C8A361}.Debug|Any CPU.Build.0 = Debug|Any CPU
		{5BE73B50-A2F5-4822-8067-82FD59C8A361}.Release|Any CPU.ActiveCfg = Release|Any CPU
		{5BE73B50-A2F5-4822-8067-82FD59C8A361}.Release|Any CPU.Build.0 = Release|Any CPU
		{E57A2CE2-E290-4FB0-9ED8-5F8C95C05906}.Debug|Any CPU.ActiveCfg = Debug|Any CPU
		{E57A2CE2-E290-4FB0-9ED8-5F8C95C05906}.Debug|Any CPU.Build.0 = Debug|Any CPU
		{E57A2CE2-E290-4FB0-9ED8-5F8C95C05906}.Release|Any CPU.ActiveCfg = Release|Any CPU
		{E57A2CE2-E290-4FB0-9ED8-5F8C95C05906}.Release|Any CPU.Build.0 = Release|Any CPU
		{99D7EDE8-A170-4F77-A6B1-52ADA712CCC3}.Debug|Any CPU.ActiveCfg = Debug|Any CPU
		{99D7EDE8-A170-4F77-A6B1-52ADA712CCC3}.Debug|Any CPU.Build.0 = Debug|Any CPU
		{99D7EDE8-A170-4F77-A6B1-52ADA712CCC3}.Release|Any CPU.ActiveCfg = Release|Any CPU
		{99D7EDE8-A170-4F77-A6B1-52ADA712CCC3}.Release|Any CPU.Build.0 = Release|Any CPU
		{0AC1D666-14D9-4861-837D-315942ACD78E}.Debug|Any CPU.ActiveCfg = Debug|Any CPU
		{0AC1D666-14D9-4861-837D-315942ACD78E}.Debug|Any CPU.Build.0 = Debug|Any CPU
		{0AC1D666-14D9-4861-837D-315942ACD78E}.Release|Any CPU.ActiveCfg = Release|Any CPU
		{0AC1D666-14D9-4861-837D-315942ACD78E}.Release|Any CPU.Build.0 = Release|Any CPU
		{62BE57C1-78FD-466F-AFE0-C4C3CAAB363D}.Debug|Any CPU.ActiveCfg = Debug|Any CPU
		{62BE57C1-78FD-466F-AFE0-C4C3CAAB363D}.Debug|Any CPU.Build.0 = Debug|Any CPU
		{62BE57C1-78FD-466F-AFE0-C4C3CAAB363D}.Release|Any CPU.ActiveCfg = Release|Any CPU
		{62BE57C1-78FD-466F-AFE0-C4C3CAAB363D}.Release|Any CPU.Build.0 = Release|Any CPU
		{A50F5917-E56B-40C5-BDBD-327CAB3F1487}.Debug|Any CPU.ActiveCfg = Debug|Any CPU
		{A50F5917-E56B-40C5-BDBD-327CAB3F1487}.Debug|Any CPU.Build.0 = Debug|Any CPU
		{A50F5917-E56B-40C5-BDBD-327CAB3F1487}.Release|Any CPU.ActiveCfg = Release|Any CPU
		{A50F5917-E56B-40C5-BDBD-327CAB3F1487}.Release|Any CPU.Build.0 = Release|Any CPU
		{000CB11E-2601-4FB6-95A7-D1E79BDC0057}.Debug|Any CPU.ActiveCfg = Debug|Any CPU
		{000CB11E-2601-4FB6-95A7-D1E79BDC0057}.Debug|Any CPU.Build.0 = Debug|Any CPU
		{000CB11E-2601-4FB6-95A7-D1E79BDC0057}.Release|Any CPU.ActiveCfg = Release|Any CPU
		{000CB11E-2601-4FB6-95A7-D1E79BDC0057}.Release|Any CPU.Build.0 = Release|Any CPU
		{DD0F93B8-02B1-4ADB-9587-73A497C509ED}.Debug|Any CPU.ActiveCfg = Debug|Any CPU
		{DD0F93B8-02B1-4ADB-9587-73A497C509ED}.Debug|Any CPU.Build.0 = Debug|Any CPU
		{DD0F93B8-02B1-4ADB-9587-73A497C509ED}.Release|Any CPU.ActiveCfg = Release|Any CPU
		{DD0F93B8-02B1-4ADB-9587-73A497C509ED}.Release|Any CPU.Build.0 = Release|Any CPU
		{263DB685-3132-4A79-A7C4-281CF129DEDC}.Debug|Any CPU.ActiveCfg = Debug|Any CPU
		{263DB685-3132-4A79-A7C4-281CF129DEDC}.Debug|Any CPU.Build.0 = Debug|Any CPU
		{263DB685-3132-4A79-A7C4-281CF129DEDC}.Release|Any CPU.ActiveCfg = Release|Any CPU
		{263DB685-3132-4A79-A7C4-281CF129DEDC}.Release|Any CPU.Build.0 = Release|Any CPU
		{CA55011B-1D2E-4F59-A6A4-E264D193A709}.Debug|Any CPU.ActiveCfg = Debug|Any CPU
		{CA55011B-1D2E-4F59-A6A4-E264D193A709}.Debug|Any CPU.Build.0 = Debug|Any CPU
		{CA55011B-1D2E-4F59-A6A4-E264D193A709}.Release|Any CPU.ActiveCfg = Release|Any CPU
		{CA55011B-1D2E-4F59-A6A4-E264D193A709}.Release|Any CPU.Build.0 = Release|Any CPU
		{208D51DA-197A-410D-80A8-2191FB91F9CE}.Debug|Any CPU.ActiveCfg = Debug|Any CPU
		{208D51DA-197A-410D-80A8-2191FB91F9CE}.Debug|Any CPU.Build.0 = Debug|Any CPU
		{208D51DA-197A-410D-80A8-2191FB91F9CE}.Release|Any CPU.ActiveCfg = Release|Any CPU
		{208D51DA-197A-410D-80A8-2191FB91F9CE}.Release|Any CPU.Build.0 = Release|Any CPU
	EndGlobalSection
	GlobalSection(SolutionProperties) = preSolution
		HideSolutionNode = FALSE
	EndGlobalSection
	GlobalSection(NestedProjects) = preSolution
		{F91941E4-542A-44A7-B75A-A3C2F7A3A4C0} = {7C99B049-E405-44A3-AA4E-3A399111F8BA}
		{326160AA-50D4-42A1-A22A-1770E8985305} = {F91941E4-542A-44A7-B75A-A3C2F7A3A4C0}
		{5BE73B50-A2F5-4822-8067-82FD59C8A361} = {BECFA58A-CE54-4322-9297-D2AD70F18BBB}
		{1CE2CEE8-9DE1-4F75-9290-5E4A164BA8D8} = {7C99B049-E405-44A3-AA4E-3A399111F8BA}
		{99D7EDE8-A170-4F77-A6B1-52ADA712CCC3} = {1CE2CEE8-9DE1-4F75-9290-5E4A164BA8D8}
		{7ACF1AF9-B3ED-4F89-B05A-9FD29591967D} = {7C99B049-E405-44A3-AA4E-3A399111F8BA}
		{0AC1D666-14D9-4861-837D-315942ACD78E} = {7ACF1AF9-B3ED-4F89-B05A-9FD29591967D}
		{6F35700B-E4EE-444B-8E0C-D3A438BA8017} = {7C99B049-E405-44A3-AA4E-3A399111F8BA}
		{62BE57C1-78FD-466F-AFE0-C4C3CAAB363D} = {6F35700B-E4EE-444B-8E0C-D3A438BA8017}
		{A50F5917-E56B-40C5-BDBD-327CAB3F1487} = {6F35700B-E4EE-444B-8E0C-D3A438BA8017}
		{000CB11E-2601-4FB6-95A7-D1E79BDC0057} = {6F35700B-E4EE-444B-8E0C-D3A438BA8017}
		{DD0F93B8-02B1-4ADB-9587-73A497C509ED} = {6F35700B-E4EE-444B-8E0C-D3A438BA8017}
		{263DB685-3132-4A79-A7C4-281CF129DEDC} = {BECFA58A-CE54-4322-9297-D2AD70F18BBB}
		{CA55011B-1D2E-4F59-A6A4-E264D193A709} = {1EC61E49-6DD7-44DD-BBCC-F5C92D69005C}
		{208D51DA-197A-410D-80A8-2191FB91F9CE} = {6F136B7A-CA0E-415D-9391-23F010E835FB}
	EndGlobalSection
	GlobalSection(ExtensibilityGlobals) = postSolution
		SolutionGuid = {254941C0-A3F0-4751-B561-BFC259FD1045}
	EndGlobalSection
EndGlobal
